
Microsoft Visual Studio Solution File, Format Version 12.00
# Visual Studio Version 16
VisualStudioVersion = 16.0.29911.84
MinimumVisualStudioVersion = 10.0.40219.1
Project("{9A19103F-16F7-4668-BE54-9A1E7A4F7556}") = "ArtFeverShop", "ArtFeverShop.csproj", "{F3E2D350-9938-4713-8B87-DBEAC7483A38}"
EndProject
Global
	GlobalSection(SolutionConfigurationPlatforms) = preSolution
		Debug|Any CPU = Debug|Any CPU
		Release|Any CPU = Release|Any CPU
	EndGlobalSection
	GlobalSection(ProjectConfigurationPlatforms) = postSolution
		{F3E2D350-9938-4713-8B87-DBEAC7483A38}.Debug|Any CPU.ActiveCfg = Debug|Any CPU
		{F3E2D350-9938-4713-8B87-DBEAC7483A38}.Debug|Any CPU.Build.0 = Debug|Any CPU
		{F3E2D350-9938-4713-8B87-DBEAC7483A38}.Release|Any CPU.ActiveCfg = Release|Any CPU
		{F3E2D350-9938-4713-8B87-DBEAC7483A38}.Release|Any CPU.Build.0 = Release|Any CPU
	EndGlobalSection
	GlobalSection(SolutionProperties) = preSolution
		HideSolutionNode = FALSE
	EndGlobalSection
	GlobalSection(ExtensibilityGlobals) = postSolution
		SolutionGuid = {F85289EE-A9CC-4368-95A8-2F4C5C2E92AC}
	EndGlobalSection
EndGlobal
